
Microsoft Visual Studio Solution File, Format Version 12.00
# Visual Studio Version 17
VisualStudioVersion = 17.4.32912.340
MinimumVisualStudioVersion = 10.0.40219.1
Project("{FAE04EC0-301F-11D3-BF4B-00C04F79EFBC}") = "ReverieWorldDiceRoller", "src\ReverieWorldDiceRoller.csproj", "{151E1757-FE4F-43BE-9DD5-102363817181}"
EndProject
Global
	GlobalSection(SolutionConfigurationPlatforms) = preSolution
		Debug|Any CPU = Debug|Any CPU
		Release|Any CPU = Release|Any CPU
	EndGlobalSection
	GlobalSection(ProjectConfigurationPlatforms) = postSolution
		{151E1757-FE4F-43BE-9DD5-102363817181}.Debug|Any CPU.ActiveCfg = Debug|Any CPU
		{151E1757-FE4F-43BE-9DD5-102363817181}.Debug|Any CPU.Build.0 = Debug|Any CPU
		{151E1757-FE4F-43BE-9DD5-102363817181}.Release|Any CPU.ActiveCfg = Release|Any CPU
		{151E1757-FE4F-43BE-9DD5-102363817181}.Release|Any CPU.Build.0 = Release|Any CPU
	EndGlobalSection
	GlobalSection(SolutionProperties) = preSolution
		HideSolutionNode = FALSE
	EndGlobalSection
	GlobalSection(ExtensibilityGlobals) = postSolution
		SolutionGuid = {22D7A09A-E9FD-4E59-A516-BBB6279E0AA1}
	EndGlobalSection
EndGlobal
